
Microsoft Visual Studio Solution File, Format Version 12.00
# Visual Studio 15
VisualStudioVersion = 15.0.26730.10
MinimumVisualStudioVersion = 10.0.40219.1
Project("{FAE04EC0-301F-11D3-BF4B-00C04F79EFBC}") = "TestRecordProject", "TestRecordProject\TestRecordProject.csproj", "{CBE40668-E64B-4236-8565-A02F029B6FB5}"
EndProject
Project("{FAE04EC0-301F-11D3-BF4B-00C04F79EFBC}") = "TestRecordProject.Domain", "TestRecordProject.Domain\TestRecordProject.Domain.csproj", "{4AF0FA84-3D4B-47BD-A9C8-343CB6062AED}"
EndProject
Global
	GlobalSection(SolutionConfigurationPlatforms) = preSolution
		Debug|Any CPU = Debug|Any CPU
		Release|Any CPU = Release|Any CPU
	EndGlobalSection
	GlobalSection(ProjectConfigurationPlatforms) = postSolution
		{CBE40668-E64B-4236-8565-A02F029B6FB5}.Debug|Any CPU.ActiveCfg = Debug|Any CPU
		{CBE40668-E64B-4236-8565-A02F029B6FB5}.Debug|Any CPU.Build.0 = Debug|Any CPU
		{CBE40668-E64B-4236-8565-A02F029B6FB5}.Release|Any CPU.ActiveCfg = Release|Any CPU
		{CBE40668-E64B-4236-8565-A02F029B6FB5}.Release|Any CPU.Build.0 = Release|Any CPU
		{4AF0FA84-3D4B-47BD-A9C8-343CB6062AED}.Debug|Any CPU.ActiveCfg = Debug|Any CPU
		{4AF0FA84-3D4B-47BD-A9C8-343CB6062AED}.Debug|Any CPU.Build.0 = Debug|Any CPU
		{4AF0FA84-3D4B-47BD-A9C8-343CB6062AED}.Release|Any CPU.ActiveCfg = Release|Any CPU
		{4AF0FA84-3D4B-47BD-A9C8-343CB6062AED}.Release|Any CPU.Build.0 = Release|Any CPU
	EndGlobalSection
	GlobalSection(SolutionProperties) = preSolution
		HideSolutionNode = FALSE
	EndGlobalSection
	GlobalSection(ExtensibilityGlobals) = postSolution
		SolutionGuid = {099EAA46-44DE-4FD5-BD6B-8D0455BF4CCE}
	EndGlobalSection
EndGlobal
